
Microsoft Visual Studio Solution File, Format Version 12.00
# Visual Studio Version 17
VisualStudioVersion = 17.0.31903.59
MinimumVisualStudioVersion = 10.0.40219.1
Project("{FAE04EC0-301F-11D3-BF4B-00C04F79EFBC}") = "FFTColorCustomizer", "ColorMod\FFTColorCustomizer.csproj", "{A9E500BF-14F5-4540-BF83-F972A9AF05C9}"
EndProject
Project("{FAE04EC0-301F-11D3-BF4B-00C04F79EFBC}") = "FFTColorCustomizer.Tests", "FFTColorCustomizer.Tests.csproj", "{601D965B-D53F-4648-B084-7ED94D50AE4B}"
EndProject
Global
	GlobalSection(SolutionConfigurationPlatforms) = preSolution
		Debug|Any CPU = Debug|Any CPU
		Release|Any CPU = Release|Any CPU
	EndGlobalSection
	GlobalSection(SolutionProperties) = preSolution
		HideSolutionNode = FALSE
	EndGlobalSection
	GlobalSection(ProjectConfigurationPlatforms) = postSolution
		{A9E500BF-14F5-4540-BF83-F972A9AF05C9}.Debug|Any CPU.ActiveCfg = Debug|Any CPU
		{A9E500BF-14F5-4540-BF83-F972A9AF05C9}.Debug|Any CPU.Build.0 = Debug|Any CPU
		{A9E500BF-14F5-4540-BF83-F972A9AF05C9}.Release|Any CPU.ActiveCfg = Release|Any CPU
		{A9E500BF-14F5-4540-BF83-F972A9AF05C9}.Release|Any CPU.Build.0 = Release|Any CPU
		{601D965B-D53F-4648-B084-7ED94D50AE4B}.Debug|Any CPU.ActiveCfg = Debug|Any CPU
		{601D965B-D53F-4648-B084-7ED94D50AE4B}.Debug|Any CPU.Build.0 = Debug|Any CPU
		{601D965B-D53F-4648-B084-7ED94D50AE4B}.Release|Any CPU.ActiveCfg = Release|Any CPU
		{601D965B-D53F-4648-B084-7ED94D50AE4B}.Release|Any CPU.Build.0 = Release|Any CPU
	EndGlobalSection
EndGlobal

